
Microsoft Visual Studio Solution File, Format Version 12.00
# Visual Studio Version 17
VisualStudioVersion = 17.13.35825.156
MinimumVisualStudioVersion = 10.0.40219.1
Project("{FAE04EC0-301F-11D3-BF4B-00C04F79EFBC}") = "PicoMapper", "PicoMapper\PicoMapper.csproj", "{19358EF7-029D-4B19-BC42-EDEEF084CA77}"
EndProject
Project("{2150E333-8FDC-42A3-9474-1A3956D46DE8}") = "Solution Items", "Solution Items", "{02EA681E-C7D8-13C7-8484-4AC65E1B71E8}"
	ProjectSection(SolutionItems) = preProject
		.editorconfig = .editorconfig
		README.md = README.md
	EndProjectSection
EndProject
Project("{FAE04EC0-301F-11D3-BF4B-00C04F79EFBC}") = "MonoGayme.Core", "MonoGayme.Core\MonoGayme.Core.csproj", "{2112EF96-2F42-BA4F-A496-6FEFEE3C1D9B}"
EndProject
Global
	GlobalSection(SolutionConfigurationPlatforms) = preSolution
		Debug|Any CPU = Debug|Any CPU
		Release|Any CPU = Release|Any CPU
	EndGlobalSection
	GlobalSection(ProjectConfigurationPlatforms) = postSolution
		{19358EF7-029D-4B19-BC42-EDEEF084CA77}.Debug|Any CPU.ActiveCfg = Debug|Any CPU
		{19358EF7-029D-4B19-BC42-EDEEF084CA77}.Debug|Any CPU.Build.0 = Debug|Any CPU
		{19358EF7-029D-4B19-BC42-EDEEF084CA77}.Release|Any CPU.ActiveCfg = Release|Any CPU
		{19358EF7-029D-4B19-BC42-EDEEF084CA77}.Release|Any CPU.Build.0 = Release|Any CPU
		{2112EF96-2F42-BA4F-A496-6FEFEE3C1D9B}.Debug|Any CPU.ActiveCfg = Debug|Any CPU
		{2112EF96-2F42-BA4F-A496-6FEFEE3C1D9B}.Debug|Any CPU.Build.0 = Debug|Any CPU
		{2112EF96-2F42-BA4F-A496-6FEFEE3C1D9B}.Release|Any CPU.ActiveCfg = Release|Any CPU
		{2112EF96-2F42-BA4F-A496-6FEFEE3C1D9B}.Release|Any CPU.Build.0 = Release|Any CPU
	EndGlobalSection
	GlobalSection(SolutionProperties) = preSolution
		HideSolutionNode = FALSE
	EndGlobalSection
	GlobalSection(ExtensibilityGlobals) = postSolution
		SolutionGuid = {4562C53C-028E-44F1-8840-4F2107D4D5EE}
	EndGlobalSection
EndGlobal
